
Microsoft Visual Studio Solution File, Format Version 10.00
# Visual Studio 2008
Project("{8BC9CEB8-8B4A-11D0-8D11-00A0C91BC942}") = "Data", "Data\Data_VS90.vcproj", "{B2FAD7C7-2C6A-4E03-964C-AA2CDE5C2029}"
EndProject
Project("{8BC9CEB8-8B4A-11D0-8D11-00A0C91BC942}") = "Widgets", "Widgets\Widgets_VS90.vcproj", "{EBCEA7BA-CCAC-4187-AF6C-55679E4ABE84}"
EndProject
Project("{8BC9CEB8-8B4A-11D0-8D11-00A0C91BC942}") = "FpsCounter", "FpsCounter\FpsCounter_VS90.vcproj", "{CB168722-F0FB-46B5-87F0-3AB954C11320}"
EndProject
Project("{8BC9CEB8-8B4A-11D0-8D11-00A0C91BC942}") = "Shader", "Shader\Shader_VS90.vcproj", "{690AB793-BA3F-43ED-9887-62FB54CF21D0}"
EndProject
Global
	GlobalSection(SolutionConfigurationPlatforms) = preSolution
		Debug|Win32 = Debug|Win32
		Release|Win32 = Release|Win32
	EndGlobalSection
	GlobalSection(ProjectConfigurationPlatforms) = postSolution
		{B2FAD7C7-2C6A-4E03-964C-AA2CDE5C2029}.Debug|Win32.ActiveCfg = Debug|Win32
		{B2FAD7C7-2C6A-4E03-964C-AA2CDE5C2029}.Debug|Win32.Build.0 = Debug|Win32
		{B2FAD7C7-2C6A-4E03-964C-AA2CDE5C2029}.Release|Win32.ActiveCfg = Release|Win32
		{B2FAD7C7-2C6A-4E03-964C-AA2CDE5C2029}.Release|Win32.Build.0 = Release|Win32
		{EBCEA7BA-CCAC-4187-AF6C-55679E4ABE84}.Debug|Win32.ActiveCfg = Debug|Win32
		{EBCEA7BA-CCAC-4187-AF6C-55679E4ABE84}.Debug|Win32.Build.0 = Debug|Win32
		{EBCEA7BA-CCAC-4187-AF6C-55679E4ABE84}.Release|Win32.ActiveCfg = Release|Win32
		{EBCEA7BA-CCAC-4187-AF6C-55679E4ABE84}.Release|Win32.Build.0 = Release|Win32
		{CB168722-F0FB-46B5-87F0-3AB954C11320}.Debug|Win32.ActiveCfg = Debug|Win32
		{CB168722-F0FB-46B5-87F0-3AB954C11320}.Debug|Win32.Build.0 = Debug|Win32
		{CB168722-F0FB-46B5-87F0-3AB954C11320}.Release|Win32.ActiveCfg = Release|Win32
		{CB168722-F0FB-46B5-87F0-3AB954C11320}.Release|Win32.Build.0 = Release|Win32
		{690AB793-BA3F-43ED-9887-62FB54CF21D0}.Debug|Win32.ActiveCfg = Debug|Win32
		{690AB793-BA3F-43ED-9887-62FB54CF21D0}.Debug|Win32.Build.0 = Debug|Win32
		{690AB793-BA3F-43ED-9887-62FB54CF21D0}.Release|Win32.ActiveCfg = Release|Win32
		{690AB793-BA3F-43ED-9887-62FB54CF21D0}.Release|Win32.Build.0 = Release|Win32
	EndGlobalSection
	GlobalSection(SolutionProperties) = preSolution
		HideSolutionNode = FALSE
	EndGlobalSection
EndGlobal
