
Microsoft Visual Studio Solution File, Format Version 11.00
# Visual Studio 2010
Project("{8BC9CEB8-8B4A-11D0-8D11-00A0C91BC942}") = "Packer", "Data\Packer\Packer_VS100.vcxproj", "{4FC1D8B0-E735-43FD-B473-7C666CCD5AA1}"
EndProject
Project("{8BC9CEB8-8B4A-11D0-8D11-00A0C91BC942}") = "PostProcessing", "Shader\PostProcessing\PostProcessing_VS100.vcxproj", "{5340D786-11DB-49BE-89C0-EF0677318E1E}"
EndProject
Global
	GlobalSection(SolutionConfigurationPlatforms) = preSolution
		Debug|Win32 = Debug|Win32
		Release|Win32 = Release|Win32
	EndGlobalSection
	GlobalSection(ProjectConfigurationPlatforms) = postSolution
		{4FC1D8B0-E735-43FD-B473-7C666CCD5AA1}.Debug|Win32.ActiveCfg = Debug|Win32
		{4FC1D8B0-E735-43FD-B473-7C666CCD5AA1}.Debug|Win32.Build.0 = Debug|Win32
		{4FC1D8B0-E735-43FD-B473-7C666CCD5AA1}.Release|Win32.ActiveCfg = Release|Win32
		{4FC1D8B0-E735-43FD-B473-7C666CCD5AA1}.Release|Win32.Build.0 = Release|Win32
		{5340D786-11DB-49BE-89C0-EF0677318E1E}.Debug|Win32.ActiveCfg = Debug|Win32
		{5340D786-11DB-49BE-89C0-EF0677318E1E}.Debug|Win32.Build.0 = Debug|Win32
		{5340D786-11DB-49BE-89C0-EF0677318E1E}.Release|Win32.ActiveCfg = Release|Win32
		{5340D786-11DB-49BE-89C0-EF0677318E1E}.Release|Win32.Build.0 = Release|Win32
	EndGlobalSection
	GlobalSection(SolutionProperties) = preSolution
		HideSolutionNode = FALSE
	EndGlobalSection
EndGlobal
